{
  "name": "@osmargm1202/pi-harness",
  "version": "0.1.2",
  "lockfileVersion": 3,
  "requires": true,
  "packages": {
    "": {
      "name": "@osmargm1202/pi-harness",
      "version": "0.1.2",
      "hasInstallScript": true,
      "license": "MIT",
      "bin": {
        "pi-harness": "scripts/install-orgm-pi-packages.mjs",
        "pi-harness-install": "scripts/install-orgm-pi-packages.mjs"
      }
    },
    "../../.local/share/fnm/node-versions/v22.22.1/installation/lib/node_modules/@earendil-works/pi-coding-agent": {
      "version": "0.80.7",
      "extraneous": true,
      "license": "MIT",
      "dependencies": {
        "@earendil-works/pi-agent-core": "^0.80.7",
        "@earendil-works/pi-ai": "^0.80.7",
        "@earendil-works/pi-tui": "^0.80.7",
        "@silvia-odwyer/photon-node": "0.3.4",
        "chalk": "5.6.2",
        "cross-spawn": "7.0.6",
        "diff": "8.0.4",
        "glob": "13.0.6",
        "highlight.js": "10.7.3",
        "hosted-git-info": "9.0.3",
        "ignore": "7.0.5",
        "jiti": "2.7.0",
        "minimatch": "10.2.5",
        "proper-lockfile": "4.1.2",
        "semver": "7.8.0",
        "typebox": "1.1.38",
        "undici": "8.5.0",
        "yaml": "2.9.0"
      },
      "bin": {
        "pi": "dist/cli.js"
      },
      "devDependencies": {
        "@types/cross-spawn": "6.0.6",
        "@types/diff": "7.0.2",
        "@types/hosted-git-info": "3.0.5",
        "@types/ms": "2.1.0",
        "@types/node": "24.12.4",
        "@types/proper-lockfile": "4.1.4",
        "@types/semver": "7.7.1",
        "shx": "0.4.0",
        "typescript": "5.9.3",
        "vitest": "4.1.9"
      },
      "engines": {
        "node": ">=22.19.0"
      },
      "optionalDependencies": {
        "@mariozechner/clipboard": "0.3.9"
      }
    }
  }
}
